// !$*UTF8*$!
{
	archiveVersion = 1;
	classes = {
	};
	objectVersion = 50;
	objects = {

/* Begin PBXBuildFile section */
		0057F3E523E9E52800F9329E /* LabelCollectionViewCell.swift in Sources */ = {isa = PBXBuildFile; fileRef = 0057F3E323E9E52800F9329E /* LabelCollectionViewCell.swift */; };
		0057F3E623E9E52800F9329E /* CollectionViewWaterfallLayout.swift in Sources */ = {isa = PBXBuildFile; fileRef = 0057F3E423E9E52800F9329E /* CollectionViewWaterfallLayout.swift */; };
		0071230B23E57D0200E24A74 /* AppDelegate.swift in Sources */ = {isa = PBXBuildFile; fileRef = 0071230A23E57D0200E24A74 /* AppDelegate.swift */; };
		0071230D23E57D0200E24A74 /* SceneDelegate.swift in Sources */ = {isa = PBXBuildFile; fileRef = 0071230C23E57D0200E24A74 /* SceneDelegate.swift */; };
		0071230F23E57D0200E24A74 /* HomePageVC.swift in Sources */ = {isa = PBXBuildFile; fileRef = 0071230E23E57D0200E24A74 /* HomePageVC.swift */; };
		0071231223E57D0200E24A74 /* Main.storyboard in Resources */ = {isa = PBXBuildFile; fileRef = 0071231023E57D0200E24A74 /* Main.storyboard */; };
		0071231423E57D0300E24A74 /* Assets.xcassets in Resources */ = {isa = PBXBuildFile; fileRef = 0071231323E57D0300E24A74 /* Assets.xcassets */; };
		0071231723E57D0300E24A74 /* LaunchScreen.storyboard in Resources */ = {isa = PBXBuildFile; fileRef = 0071231523E57D0300E24A74 /* LaunchScreen.storyboard */; };
		0071232223E57D0300E24A74 /* UserInterfaceTests.swift in Sources */ = {isa = PBXBuildFile; fileRef = 0071232123E57D0300E24A74 /* UserInterfaceTests.swift */; };
		0071232D23E57D0300E24A74 /* UserInterfaceUITests.swift in Sources */ = {isa = PBXBuildFile; fileRef = 0071232C23E57D0300E24A74 /* UserInterfaceUITests.swift */; };
		00E78D2723E89CA600E5AACE /* FollowersVC.swift in Sources */ = {isa = PBXBuildFile; fileRef = 00E78D2623E89CA600E5AACE /* FollowersVC.swift */; };
/* End PBXBuildFile section */

/* Begin PBXContainerItemProxy section */
		0071231E23E57D0300E24A74 /* PBXContainerItemProxy */ = {
			isa = PBXContainerItemProxy;
			containerPortal = 007122FF23E57D0100E24A74 /* Project object */;
			proxyType = 1;
			remoteGlobalIDString = 0071230623E57D0100E24A74;
			remoteInfo = UserInterface;
		};
		0071232923E57D0300E24A74 /* PBXContainerItemProxy */ = {
			isa = PBXContainerItemProxy;
			containerPortal = 007122FF23E57D0100E24A74 /* Project object */;
			proxyType = 1;
			remoteGlobalIDString = 0071230623E57D0100E24A74;
			remoteInfo = UserInterface;
		};
/* End PBXContainerItemProxy section */

/* Begin PBXFileReference section */
		0057F3E323E9E52800F9329E /* LabelCollectionViewCell.swift */ = {isa = PBXFileReference; fileEncoding = 4; lastKnownFileType = sourcecode.swift; path = LabelCollectionViewCell.swift; sourceTree = "<group>"; };
		0057F3E423E9E52800F9329E /* CollectionViewWaterfallLayout.swift */ = {isa = PBXFileReference; fileEncoding = 4; lastKnownFileType = sourcecode.swift; path = CollectionViewWaterfallLayout.swift; sourceTree = "<group>"; };
		0071230723E57D0200E24A74 /* UserInterface.app */ = {isa = PBXFileReference; explicitFileType = wrapper.application; includeInIndex = 0; path = UserInterface.app; sourceTree = BUILT_PRODUCTS_DIR; };
		0071230A23E57D0200E24A74 /* AppDelegate.swift */ = {isa = PBXFileReference; lastKnownFileType = sourcecode.swift; path = AppDelegate.swift; sourceTree = "<group>"; };
		0071230C23E57D0200E24A74 /* SceneDelegate.swift */ = {isa = PBXFileReference; lastKnownFileType = sourcecode.swift; path = SceneDelegate.swift; sourceTree = "<group>"; };
		0071230E23E57D0200E24A74 /* HomePageVC.swift */ = {isa = PBXFileReference; lastKnownFileType = sourcecode.swift; path = HomePageVC.swift; sourceTree = "<group>"; };
		0071231123E57D0200E24A74 /* Base */ = {isa = PBXFileReference; lastKnownFileType = file.storyboard; name = Base; path = Base.lproj/Main.storyboard; sourceTree = "<group>"; };
		0071231323E57D0300E24A74 /* Assets.xcassets */ = {isa = PBXFileReference; lastKnownFileType = folder.assetcatalog; path = Assets.xcassets; sourceTree = "<group>"; };
		0071231623E57D0300E24A74 /* Base */ = {isa = PBXFileReference; lastKnownFileType = file.storyboard; name = Base; path = Base.lproj/LaunchScreen.storyboard; sourceTree = "<group>"; };
		0071231823E57D0300E24A74 /* Info.plist */ = {isa = PBXFileReference; lastKnownFileType = text.plist.xml; path = Info.plist; sourceTree = "<group>"; };
		0071231D23E57D0300E24A74 /* UserInterfaceTests.xctest */ = {isa = PBXFileReference; explicitFileType = wrapper.cfbundle; includeInIndex = 0; path = UserInterfaceTests.xctest; sourceTree = BUILT_PRODUCTS_DIR; };
		0071232123E57D0300E24A74 /* UserInterfaceTests.swift */ = {isa = PBXFileReference; lastKnownFileType = sourcecode.swift; path = UserInterfaceTests.swift; sourceTree = "<group>"; };
		0071232323E57D0300E24A74 /* Info.plist */ = {isa = PBXFileReference; lastKnownFileType = text.plist.xml; path = Info.plist; sourceTree = "<group>"; };
		0071232823E57D0300E24A74 /* UserInterfaceUITests.xctest */ = {isa = PBXFileReference; explicitFileType = wrapper.cfbundle; includeInIndex = 0; path = UserInterfaceUITests.xctest; sourceTree = BUILT_PRODUCTS_DIR; };
		0071232C23E57D0300E24A74 /* UserInterfaceUITests.swift */ = {isa = PBXFileReference; lastKnownFileType = sourcecode.swift; path = UserInterfaceUITests.swift; sourceTree = "<group>"; };
		0071232E23E57D0300E24A74 /* Info.plist */ = {isa = PBXFileReference; lastKnownFileType = text.plist.xml; path = Info.plist; sourceTree = "<group>"; };
		00E78D2623E89CA600E5AACE /* FollowersVC.swift */ = {isa = PBXFileReference; lastKnownFileType = sourcecode.swift; path = FollowersVC.swift; sourceTree = "<group>"; };
/* End PBXFileReference section */

/* Begin PBXFrameworksBuildPhase section */
		0071230423E57D0100E24A74 /* Frameworks */ = {
			isa = PBXFrameworksBuildPhase;
			buildActionMask = 2147483647;
			files = (
			);
			runOnlyForDeploymentPostprocessing = 0;
		};
		0071231A23E57D0300E24A74 /* Frameworks */ = {
			isa = PBXFrameworksBuildPhase;
			buildActionMask = 2147483647;
			files = (
			);
			runOnlyForDeploymentPostprocessing = 0;
		};
		0071232523E57D0300E24A74 /* Frameworks */ = {
			isa = PBXFrameworksBuildPhase;
			buildActionMask = 2147483647;
			files = (
			);
			runOnlyForDeploymentPostprocessing = 0;
		};
/* End PBXFrameworksBuildPhase section */

/* Begin PBXGroup section */
		0057F3E223E9E52800F9329E /* CustomViewLayout */ = {
			isa = PBXGroup;
			children = (
				0057F3E323E9E52800F9329E /* LabelCollectionViewCell.swift */,
				0057F3E423E9E52800F9329E /* CollectionViewWaterfallLayout.swift */,
			);
			path = CustomViewLayout;
			sourceTree = "<group>";
		};
		007122FE23E57D0100E24A74 = {
			isa = PBXGroup;
			children = (
				0071230923E57D0200E24A74 /* UserInterface */,
				0071232023E57D0300E24A74 /* UserInterfaceTests */,
				0071232B23E57D0300E24A74 /* UserInterfaceUITests */,
				0071230823E57D0200E24A74 /* Products */,
			);
			sourceTree = "<group>";
		};
		0071230823E57D0200E24A74 /* Products */ = {
			isa = PBXGroup;
			children = (
				0071230723E57D0200E24A74 /* UserInterface.app */,
				0071231D23E57D0300E24A74 /* UserInterfaceTests.xctest */,
				0071232823E57D0300E24A74 /* UserInterfaceUITests.xctest */,
			);
			name = Products;
			sourceTree = "<group>";
		};
		0071230923E57D0200E24A74 /* UserInterface */ = {
			isa = PBXGroup;
			children = (
				0071230A23E57D0200E24A74 /* AppDelegate.swift */,
				0071230C23E57D0200E24A74 /* SceneDelegate.swift */,
				0057F3E223E9E52800F9329E /* CustomViewLayout */,
				0071230E23E57D0200E24A74 /* HomePageVC.swift */,
				00E78D2623E89CA600E5AACE /* FollowersVC.swift */,
				0071231023E57D0200E24A74 /* Main.storyboard */,
				0071231323E57D0300E24A74 /* Assets.xcassets */,
				0071231523E57D0300E24A74 /* LaunchScreen.storyboard */,
				0071231823E57D0300E24A74 /* Info.plist */,
			);
			path = UserInterface;
			sourceTree = "<group>";
		};
		0071232023E57D0300E24A74 /* UserInterfaceTests */ = {
			isa = PBXGroup;
			children = (
				0071232123E57D0300E24A74 /* UserInterfaceTests.swift */,
				0071232323E57D0300E24A74 /* Info.plist */,
			);
			path = UserInterfaceTests;
			sourceTree = "<group>";
		};
		0071232B23E57D0300E24A74 /* UserInterfaceUITests */ = {
			isa = PBXGroup;
			children = (
				0071232C23E57D0300E24A74 /* UserInterfaceUITests.swift */,
				0071232E23E57D0300E24A74 /* Info.plist */,
			);
			path = UserInterfaceUITests;
			sourceTree = "<group>";
		};
/* End PBXGroup section */

/* Begin PBXNativeTarget section */
		0071230623E57D0100E24A74 /* UserInterface */ = {
			isa = PBXNativeTarget;
			buildConfigurationList = 0071233123E57D0300E24A74 /* Build configuration list for PBXNativeTarget "UserInterface" */;
			buildPhases = (
				0071230323E57D0100E24A74 /* Sources */,
				0071230423E57D0100E24A74 /* Frameworks */,
				0071230523E57D0100E24A74 /* Resources */,
			);
			buildRules = (
			);
			dependencies = (
			);
			name = UserInterface;
			productName = UserInterface;
			productReference = 0071230723E57D0200E24A74 /* UserInterface.app */;
			productType = "com.apple.product-type.application";
		};
		0071231C23E57D0300E24A74 /* UserInterfaceTests */ = {
			isa = PBXNativeTarget;
			buildConfigurationList = 0071233423E57D0300E24A74 /* Build configuration list for PBXNativeTarget "UserInterfaceTests" */;
			buildPhases = (
				0071231923E57D0300E24A74 /* Sources */,
				0071231A23E57D0300E24A74 /* Frameworks */,
				0071231B23E57D0300E24A74 /* Resources */,
			);
			buildRules = (
			);
			dependencies = (
				0071231F23E57D0300E24A74 /* PBXTargetDependency */,
			);
			name = UserInterfaceTests;
			productName = UserInterfaceTests;
			productReference = 0071231D23E57D0300E24A74 /* UserInterfaceTests.xctest */;
			productType = "com.apple.product-type.bundle.unit-test";
		};
		0071232723E57D0300E24A74 /* UserInterfaceUITests */ = {
			isa = PBXNativeTarget;
			buildConfigurationList = 0071233723E57D0300E24A74 /* Build configuration list for PBXNativeTarget "UserInterfaceUITests" */;
			buildPhases = (
				0071232423E57D0300E24A74 /* Sources */,
				0071232523E57D0300E24A74 /* Frameworks */,
				0071232623E57D0300E24A74 /* Resources */,
			);
			buildRules = (
			);
			dependencies = (
				0071232A23E57D0300E24A74 /* PBXTargetDependency */,
			);
			name = UserInterfaceUITests;
			productName = UserInterfaceUITests;
			productReference = 0071232823E57D0300E24A74 /* UserInterfaceUITests.xctest */;
			productType = "com.apple.product-type.bundle.ui-testing";
		};
/* End PBXNativeTarget section */

/* Begin PBXProject section */
		007122FF23E57D0100E24A74 /* Project object */ = {
			isa = PBXProject;
			attributes = {
				LastSwiftUpdateCheck = 1130;
				LastUpgradeCheck = 1130;
				ORGANIZATIONNAME = "Quentin Duquesne";
				TargetAttributes = {
					0071230623E57D0100E24A74 = {
						CreatedOnToolsVersion = 11.3;
					};
					0071231C23E57D0300E24A74 = {
						CreatedOnToolsVersion = 11.3;
						TestTargetID = 0071230623E57D0100E24A74;
					};
					0071232723E57D0300E24A74 = {
						CreatedOnToolsVersion = 11.3;
						TestTargetID = 0071230623E57D0100E24A74;
					};
				};
			};
			buildConfigurationList = 0071230223E57D0100E24A74 /* Build configuration list for PBXProject "UserInterface" */;
			compatibilityVersion = "Xcode 9.3";
			developmentRegion = en;
			hasScannedForEncodings = 0;
			knownRegions = (
				en,
				Base,
			);
			mainGroup = 007122FE23E57D0100E24A74;
			productRefGroup = 0071230823E57D0200E24A74 /* Products */;
			projectDirPath = "";
			projectRoot = "";
			targets = (
				0071230623E57D0100E24A74 /* UserInterface */,
				0071231C23E57D0300E24A74 /* UserInterfaceTests */,
				0071232723E57D0300E24A74 /* UserInterfaceUITests */,
			);
		};
/* End PBXProject section */

/* Begin PBXResourcesBuildPhase section */
		0071230523E57D0100E24A74 /* Resources */ = {
			isa = PBXResourcesBuildPhase;
			buildActionMask = 2147483647;
			files = (
				0071231723E57D0300E24A74 /* LaunchScreen.storyboard in Resources */,
				0071231423E57D0300E24A74 /* Assets.xcassets in Resources */,
				0071231223E57D0200E24A74 /* Main.storyboard in Resources */,
			);
			runOnlyForDeploymentPostprocessing = 0;
		};
		0071231B23E57D0300E24A74 /* Resources */ = {
			isa = PBXResourcesBuildPhase;
			buildActionMask = 2147483647;
			files = (
			);
			runOnlyForDeploymentPostprocessing = 0;
		};
		0071232623E57D0300E24A74 /* Resources */ = {
			isa = PBXResourcesBuildPhase;
			buildActionMask = 2147483647;
			files = (
			);
			runOnlyForDeploymentPostprocessing = 0;
		};
/* End PBXResourcesBuildPhase section */

/* Begin PBXSourcesBuildPhase section */
		0071230323E57D0100E24A74 /* Sources */ = {
			isa = PBXSourcesBuildPhase;
			buildActionMask = 2147483647;
			files = (
				0071230F23E57D0200E24A74 /* HomePageVC.swift in Sources */,
				0057F3E523E9E52800F9329E /* LabelCollectionViewCell.swift in Sources */,
				00E78D2723E89CA600E5AACE /* FollowersVC.swift in Sources */,
				0071230B23E57D0200E24A74 /* AppDelegate.swift in Sources */,
				0071230D23E57D0200E24A74 /* SceneDelegate.swift in Sources */,
				0057F3E623E9E52800F9329E /* CollectionViewWaterfallLayout.swift in Sources */,
			);
			runOnlyForDeploymentPostprocessing = 0;
		};
		0071231923E57D0300E24A74 /* Sources */ = {
			isa = PBXSourcesBuildPhase;
			buildActionMask = 2147483647;
			files = (
				0071232223E57D0300E24A74 /* UserInterfaceTests.swift in Sources */,
			);
			runOnlyForDeploymentPostprocessing = 0;
		};
		0071232423E57D0300E24A74 /* Sources */ = {
			isa = PBXSourcesBuildPhase;
			buildActionMask = 2147483647;
			files = (
				0071232D23E57D0300E24A74 /* UserInterfaceUITests.swift in Sources */,
			);
			runOnlyForDeploymentPostprocessing = 0;
		};
/* End PBXSourcesBuildPhase section */

/* Begin PBXTargetDependency section */
		0071231F23E57D0300E24A74 /* PBXTargetDependency */ = {
			isa = PBXTargetDependency;
			target = 0071230623E57D0100E24A74 /* UserInterface */;
			targetProxy = 0071231E23E57D0300E24A74 /* PBXContainerItemProxy */;
		};
		0071232A23E57D0300E24A74 /* PBXTargetDependency */ = {
			isa = PBXTargetDependency;
			target = 0071230623E57D0100E24A74 /* UserInterface */;
			targetProxy = 0071232923E57D0300E24A74 /* PBXContainerItemProxy */;
		};
/* End PBXTargetDependency section */

/* Begin PBXVariantGroup section */
		0071231023E57D0200E24A74 /* Main.storyboard */ = {
			isa = PBXVariantGroup;
			children = (
				0071231123E57D0200E24A74 /* Base */,
			);
			name = Main.storyboard;
			sourceTree = "<group>";
		};
		0071231523E57D0300E24A74 /* LaunchScreen.storyboard */ = {
			isa = PBXVariantGroup;
			children = (
				0071231623E57D0300E24A74 /* Base */,
			);
			name = LaunchScreen.storyboard;
			sourceTree = "<group>";
		};
/* End PBXVariantGroup section */

/* Begin XCBuildConfiguration section */
		0071232F23E57D0300E24A74 /* Debug */ = {
			isa = XCBuildConfiguration;
			buildSettings = {
				ALWAYS_SEARCH_USER_PATHS = NO;
				CLANG_ANALYZER_NONNULL = YES;
				CLANG_ANALYZER_NUMBER_OBJECT_CONVERSION = YES_AGGRESSIVE;
				CLANG_CXX_LANGUAGE_STANDARD = "gnu++14";
				CLANG_CXX_LIBRARY = "libc++";
				CLANG_ENABLE_MODULES = YES;
				CLANG_ENABLE_OBJC_ARC = YES;
				CLANG_ENABLE_OBJC_WEAK = YES;
				CLANG_WARN_BLOCK_CAPTURE_AUTORELEASING = YES;
				CLANG_WARN_BOOL_CONVERSION = YES;
				CLANG_WARN_COMMA = YES;
				CLANG_WARN_CONSTANT_CONVERSION = YES;
				CLANG_WARN_DEPRECATED_OBJC_IMPLEMENTATIONS = YES;
				CLANG_WARN_DIRECT_OBJC_ISA_USAGE = YES_ERROR;
				CLANG_WARN_DOCUMENTATION_COMMENTS = YES;
				CLANG_WARN_EMPTY_BODY = YES;
				CLANG_WARN_ENUM_CONVERSION = YES;
				CLANG_WARN_INFINITE_RECURSION = YES;
				CLANG_WARN_INT_CONVERSION = YES;
				CLANG_WARN_NON_LITERAL_NULL_CONVERSION = YES;
				CLANG_WARN_OBJC_IMPLICIT_RETAIN_SELF = YES;
				CLANG_WARN_OBJC_LITERAL_CONVERSION = YES;
				CLANG_WARN_OBJC_ROOT_CLASS = YES_ERROR;
				CLANG_WARN_RANGE_LOOP_ANALYSIS = YES;
				CLANG_WARN_STRICT_PROTOTYPES = YES;
				CLANG_WARN_SUSPICIOUS_MOVE = YES;
				CLANG_WARN_UNGUARDED_AVAILABILITY = YES_AGGRESSIVE;
				CLANG_WARN_UNREACHABLE_CODE = YES;
				CLANG_WARN__DUPLICATE_METHOD_MATCH = YES;
				COPY_PHASE_STRIP = NO;
				DEBUG_INFORMATION_FORMAT = dwarf;
				ENABLE_STRICT_OBJC_MSGSEND = YES;
				ENABLE_TESTABILITY = YES;
				GCC_C_LANGUAGE_STANDARD = gnu11;
				GCC_DYNAMIC_NO_PIC = NO;
				GCC_NO_COMMON_BLOCKS = YES;
				GCC_OPTIMIZATION_LEVEL = 0;
				GCC_PREPROCESSOR_DEFINITIONS = (
					"DEBUG=1",
					"$(inherited)",
				);
				GCC_WARN_64_TO_32_BIT_CONVERSION = YES;
				GCC_WARN_ABOUT_RETURN_TYPE = YES_ERROR;
				GCC_WARN_UNDECLARED_SELECTOR = YES;
				GCC_WARN_UNINITIALIZED_AUTOS = YES_AGGRESSIVE;
				GCC_WARN_UNUSED_FUNCTION = YES;
				GCC_WARN_UNUSED_VARIABLE = YES;
				IPHONEOS_DEPLOYMENT_TARGET = 13.2;
				MTL_ENABLE_DEBUG_INFO = INCLUDE_SOURCE;
				MTL_FAST_MATH = YES;
				ONLY_ACTIVE_ARCH = YES;
				SDKROOT = iphoneos;
				SWIFT_ACTIVE_COMPILATION_CONDITIONS = DEBUG;
				SWIFT_OPTIMIZATION_LEVEL = "-Onone";
			};
			name = Debug;
		};
		0071233023E57D0300E24A74 /* Release */ = {
			isa = XCBuildConfiguration;
			buildSettings = {
				ALWAYS_SEARCH_USER_PATHS = NO;
				CLANG_ANALYZER_NONNULL = YES;
				CLANG_ANALYZER_NUMBER_OBJECT_CONVERSION = YES_AGGRESSIVE;
				CLANG_CXX_LANGUAGE_STANDARD = "gnu++14";
				CLANG_CXX_LIBRARY = "libc++";
				CLANG_ENABLE_MODULES = YES;
				CLANG_ENABLE_OBJC_ARC = YES;
				CLANG_ENABLE_OBJC_WEAK = YES;
				CLANG_WARN_BLOCK_CAPTURE_AUTORELEASING = YES;
				CLANG_WARN_BOOL_CONVERSION = YES;
				CLANG_WARN_COMMA = YES;
				CLANG_WARN_CONSTANT_CONVERSION = YES;
				CLANG_WARN_DEPRECATED_OBJC_IMPLEMENTATIONS = YES;
				CLANG_WARN_DIRECT_OBJC_ISA_USAGE = YES_ERROR;
				CLANG_WARN_DOCUMENTATION_COMMENTS = YES;
				CLANG_WARN_EMPTY_BODY = YES;
				CLANG_WARN_ENUM_CONVERSION = YES;
				CLANG_WARN_INFINITE_RECURSION = YES;
				CLANG_WARN_INT_CONVERSION = YES;
				CLANG_WARN_NON_LITERAL_NULL_CONVERSION = YES;
				CLANG_WARN_OBJC_IMPLICIT_RETAIN_SELF = YES;
				CLANG_WARN_OBJC_LITERAL_CONVERSION = YES;
				CLANG_WARN_OBJC_ROOT_CLASS = YES_ERROR;
				CLANG_WARN_RANGE_LOOP_ANALYSIS = YES;
				CLANG_WARN_STRICT_PROTOTYPES = YES;
				CLANG_WARN_SUSPICIOUS_MOVE = YES;
				CLANG_WARN_UNGUARDED_AVAILABILITY = YES_AGGRESSIVE;
				CLANG_WARN_UNREACHABLE_CODE = YES;
				CLANG_WARN__DUPLICATE_METHOD_MATCH = YES;
				COPY_PHASE_STRIP = NO;
				DEBUG_INFORMATION_FORMAT = "dwarf-with-dsym";
				ENABLE_NS_ASSERTIONS = NO;
				ENABLE_STRICT_OBJC_MSGSEND = YES;
				GCC_C_LANGUAGE_STANDARD = gnu11;
				GCC_NO_COMMON_BLOCKS = YES;
				GCC_WARN_64_TO_32_BIT_CONVERSION = YES;
				GCC_WARN_ABOUT_RETURN_TYPE = YES_ERROR;
				GCC_WARN_UNDECLARED_SELECTOR = YES;
				GCC_WARN_UNINITIALIZED_AUTOS = YES_AGGRESSIVE;
				GCC_WARN_UNUSED_FUNCTION = YES;
				GCC_WARN_UNUSED_VARIABLE = YES;
				IPHONEOS_DEPLOYMENT_TARGET = 13.2;
				MTL_ENABLE_DEBUG_INFO = NO;
				MTL_FAST_MATH = YES;
				SDKROOT = iphoneos;
				SWIFT_COMPILATION_MODE = wholemodule;
				SWIFT_OPTIMIZATION_LEVEL = "-O";
				VALIDATE_PRODUCT = YES;
			};
			name = Release;
		};
		0071233223E57D0300E24A74 /* Debug */ = {
			isa = XCBuildConfiguration;
			buildSettings = {
				ASSETCATALOG_COMPILER_APPICON_NAME = AppIcon;
				CODE_SIGN_STYLE = Automatic;
				DEVELOPMENT_TEAM = 967N6AN524;
				INFOPLIST_FILE = UserInterface/Info.plist;
				LD_RUNPATH_SEARCH_PATHS = (
					"$(inherited)",
					"@executable_path/Frameworks",
				);
				PRODUCT_BUNDLE_IDENTIFIER = theBigTipTheory.UserInterface;
				PRODUCT_NAME = "$(TARGET_NAME)";
				SWIFT_VERSION = 5.0;
				TARGETED_DEVICE_FAMILY = 1;
			};
			name = Debug;
		};
		0071233323E57D0300E24A74 /* Release */ = {
			isa = XCBuildConfiguration;
			buildSettings = {
				ASSETCATALOG_COMPILER_APPICON_NAME = AppIcon;
				CODE_SIGN_STYLE = Automatic;
				DEVELOPMENT_TEAM = 967N6AN524;
				INFOPLIST_FILE = UserInterface/Info.plist;
				LD_RUNPATH_SEARCH_PATHS = (
					"$(inherited)",
					"@executable_path/Frameworks",
				);
				PRODUCT_BUNDLE_IDENTIFIER = theBigTipTheory.UserInterface;
				PRODUCT_NAME = "$(TARGET_NAME)";
				SWIFT_VERSION = 5.0;
				TARGETED_DEVICE_FAMILY = 1;
			};
			name = Release;
		};
		0071233523E57D0300E24A74 /* Debug */ = {
			isa = XCBuildConfiguration;
			buildSettings = {
				ALWAYS_EMBED_SWIFT_STANDARD_LIBRARIES = YES;
				BUNDLE_LOADER = "$(TEST_HOST)";
				CODE_SIGN_STYLE = Automatic;
				DEVELOPMENT_TEAM = 967N6AN524;
				INFOPLIST_FILE = UserInterfaceTests/Info.plist;
				IPHONEOS_DEPLOYMENT_TARGET = 13.2;
				LD_RUNPATH_SEARCH_PATHS = (
					"$(inherited)",
					"@executable_path/Frameworks",
					"@loader_path/Frameworks",
				);
				PRODUCT_BUNDLE_IDENTIFIER = theBigTipTheory.UserInterfaceTests;
				PRODUCT_NAME = "$(TARGET_NAME)";
				SWIFT_VERSION = 5.0;
				TARGETED_DEVICE_FAMILY = "1,2";
				TEST_HOST = "$(BUILT_PRODUCTS_DIR)/UserInterface.app/UserInterface";
			};
			name = Debug;
		};
		0071233623E57D0300E24A74 /* Release */ = {
			isa = XCBuildConfiguration;
			buildSettings = {
				ALWAYS_EMBED_SWIFT_STANDARD_LIBRARIES = YES;
				BUNDLE_LOADER = "$(TEST_HOST)";
				CODE_SIGN_STYLE = Automatic;
				DEVELOPMENT_TEAM = 967N6AN524;
				INFOPLIST_FILE = UserInterfaceTests/Info.plist;
				IPHONEOS_DEPLOYMENT_TARGET = 13.2;
				LD_RUNPATH_SEARCH_PATHS = (
					"$(inherited)",
					"@executable_path/Frameworks",
					"@loader_path/Frameworks",
				);
				PRODUCT_BUNDLE_IDENTIFIER = theBigTipTheory.UserInterfaceTests;
				PRODUCT_NAME = "$(TARGET_NAME)";
				SWIFT_VERSION = 5.0;
				TARGETED_DEVICE_FAMILY = "1,2";
				TEST_HOST = "$(BUILT_PRODUCTS_DIR)/UserInterface.app/UserInterface";
			};
			name = Release;
		};
		0071233823E57D0300E24A74 /* Debug */ = {
			isa = XCBuildConfiguration;
			buildSettings = {
				ALWAYS_EMBED_SWIFT_STANDARD_LIBRARIES = YES;
				CODE_SIGN_STYLE = Automatic;
				DEVELOPMENT_TEAM = 967N6AN524;
				INFOPLIST_FILE = UserInterfaceUITests/Info.plist;
				LD_RUNPATH_SEARCH_PATHS = (
					"$(inherited)",
					"@executable_path/Frameworks",
					"@loader_path/Frameworks",
				);
				PRODUCT_BUNDLE_IDENTIFIER = theBigTipTheory.UserInterfaceUITests;
				PRODUCT_NAME = "$(TARGET_NAME)";
				SWIFT_VERSION = 5.0;
				TARGETED_DEVICE_FAMILY = "1,2";
				TEST_TARGET_NAME = UserInterface;
			};
			name = Debug;
		};
		0071233923E57D0300E24A74 /* Release */ = {
			isa = XCBuildConfiguration;
			buildSettings = {
				ALWAYS_EMBED_SWIFT_STANDARD_LIBRARIES = YES;
				CODE_SIGN_STYLE = Automatic;
				DEVELOPMENT_TEAM = 967N6AN524;
				INFOPLIST_FILE = UserInterfaceUITests/Info.plist;
				LD_RUNPATH_SEARCH_PATHS = (
					"$(inherited)",
					"@executable_path/Frameworks",
					"@loader_path/Frameworks",
				);
				PRODUCT_BUNDLE_IDENTIFIER = theBigTipTheory.UserInterfaceUITests;
				PRODUCT_NAME = "$(TARGET_NAME)";
				SWIFT_VERSION = 5.0;
				TARGETED_DEVICE_FAMILY = "1,2";
				TEST_TARGET_NAME = UserInterface;
			};
			name = Release;
		};
/* End XCBuildConfiguration section */

/* Begin XCConfigurationList section */
		0071230223E57D0100E24A74 /* Build configuration list for PBXProject "UserInterface" */ = {
			isa = XCConfigurationList;
			buildConfigurations = (
				0071232F23E57D0300E24A74 /* Debug */,
				0071233023E57D0300E24A74 /* Release */,
			);
			defaultConfigurationIsVisible = 0;
			defaultConfigurationName = Release;
		};
		0071233123E57D0300E24A74 /* Build configuration list for PBXNativeTarget "UserInterface" */ = {
			isa = XCConfigurationList;
			buildConfigurations = (
				0071233223E57D0300E24A74 /* Debug */,
				0071233323E57D0300E24A74 /* Release */,
			);
			defaultConfigurationIsVisible = 0;
			defaultConfigurationName = Release;
		};
		0071233423E57D0300E24A74 /* Build configuration list for PBXNativeTarget "UserInterfaceTests" */ = {
			isa = XCConfigurationList;
			buildConfigurations = (
				0071233523E57D0300E24A74 /* Debug */,
				0071233623E57D0300E24A74 /* Release */,
			);
			defaultConfigurationIsVisible = 0;
			defaultConfigurationName = Release;
		};
		0071233723E57D0300E24A74 /* Build configuration list for PBXNativeTarget "UserInterfaceUITests" */ = {
			isa = XCConfigurationList;
			buildConfigurations = (
				0071233823E57D0300E24A74 /* Debug */,
				0071233923E57D0300E24A74 /* Release */,
			);
			defaultConfigurationIsVisible = 0;
			defaultConfigurationName = Release;
		};
/* End XCConfigurationList section */
	};
	rootObject = 007122FF23E57D0100E24A74 /* Project object */;
}
